
Microsoft Visual Studio Solution File, Format Version 11.00
# Visual Studio 2010
Project("{FAE04EC0-301F-11D3-BF4B-00C04F79EFBC}") = "ucmdb", "TestConsole\ucmdb.csproj", "{C687F1A8-B925-4B26-9CE9-9E84EBC6FB9E}"
	ProjectSection(ProjectDependencies) = postProject
		{1A39058D-8166-4EFE-9817-0C56F2CBCE39} = {1A39058D-8166-4EFE-9817-0C56F2CBCE39}
	EndProjectSection
EndProject
Project("{FAE04EC0-301F-11D3-BF4B-00C04F79EFBC}") = "UcmdbFacade", "UcmdbFacade\UcmdbFacade.csproj", "{74A6A603-9684-48FA-BE48-727C8C765509}"
EndProject
Project("{FAE04EC0-301F-11D3-BF4B-00C04F79EFBC}") = "UcmdbFacade.UnitTests", "UcmdbFacadeTests\UcmdbFacade.UnitTests.csproj", "{84512AF1-C64C-40B1-AAAB-CBE22E51B43E}"
EndProject
Project("{FAE04EC0-301F-11D3-BF4B-00C04F79EFBC}") = "UcmdbServiceFacade", "UcmdbServiceFacade\UcmdbServiceFacade.csproj", "{1A39058D-8166-4EFE-9817-0C56F2CBCE39}"
EndProject
Global
	GlobalSection(SolutionConfigurationPlatforms) = preSolution
		Debug|Any CPU = Debug|Any CPU
		Debug|Mixed Platforms = Debug|Mixed Platforms
		Debug|x86 = Debug|x86
		Release|Any CPU = Release|Any CPU
		Release|Mixed Platforms = Release|Mixed Platforms
		Release|x86 = Release|x86
	EndGlobalSection
	GlobalSection(ProjectConfigurationPlatforms) = postSolution
		{C687F1A8-B925-4B26-9CE9-9E84EBC6FB9E}.Debug|Any CPU.ActiveCfg = Debug|x86
		{C687F1A8-B925-4B26-9CE9-9E84EBC6FB9E}.Debug|Mixed Platforms.ActiveCfg = Debug|x86
		{C687F1A8-B925-4B26-9CE9-9E84EBC6FB9E}.Debug|Mixed Platforms.Build.0 = Debug|x86
		{C687F1A8-B925-4B26-9CE9-9E84EBC6FB9E}.Debug|x86.ActiveCfg = Debug|x86
		{C687F1A8-B925-4B26-9CE9-9E84EBC6FB9E}.Debug|x86.Build.0 = Debug|x86
		{C687F1A8-B925-4B26-9CE9-9E84EBC6FB9E}.Release|Any CPU.ActiveCfg = Release|x86
		{C687F1A8-B925-4B26-9CE9-9E84EBC6FB9E}.Release|Mixed Platforms.ActiveCfg = Release|x86
		{C687F1A8-B925-4B26-9CE9-9E84EBC6FB9E}.Release|Mixed Platforms.Build.0 = Release|x86
		{C687F1A8-B925-4B26-9CE9-9E84EBC6FB9E}.Release|x86.ActiveCfg = Release|x86
		{C687F1A8-B925-4B26-9CE9-9E84EBC6FB9E}.Release|x86.Build.0 = Release|x86
		{74A6A603-9684-48FA-BE48-727C8C765509}.Debug|Any CPU.ActiveCfg = Debug|Any CPU
		{74A6A603-9684-48FA-BE48-727C8C765509}.Debug|Any CPU.Build.0 = Debug|Any CPU
		{74A6A603-9684-48FA-BE48-727C8C765509}.Debug|Mixed Platforms.ActiveCfg = Debug|Any CPU
		{74A6A603-9684-48FA-BE48-727C8C765509}.Debug|Mixed Platforms.Build.0 = Debug|Any CPU
		{74A6A603-9684-48FA-BE48-727C8C765509}.Debug|x86.ActiveCfg = Debug|Any CPU
		{74A6A603-9684-48FA-BE48-727C8C765509}.Debug|x86.Build.0 = Debug|Any CPU
		{74A6A603-9684-48FA-BE48-727C8C765509}.Release|Any CPU.ActiveCfg = Release|Any CPU
		{74A6A603-9684-48FA-BE48-727C8C765509}.Release|Any CPU.Build.0 = Release|Any CPU
		{74A6A603-9684-48FA-BE48-727C8C765509}.Release|Mixed Platforms.ActiveCfg = Release|Any CPU
		{74A6A603-9684-48FA-BE48-727C8C765509}.Release|Mixed Platforms.Build.0 = Release|Any CPU
		{74A6A603-9684-48FA-BE48-727C8C765509}.Release|x86.ActiveCfg = Release|Any CPU
		{74A6A603-9684-48FA-BE48-727C8C765509}.Release|x86.Build.0 = Release|Any CPU
		{84512AF1-C64C-40B1-AAAB-CBE22E51B43E}.Debug|Any CPU.ActiveCfg = Debug|Any CPU
		{84512AF1-C64C-40B1-AAAB-CBE22E51B43E}.Debug|Any CPU.Build.0 = Debug|Any CPU
		{84512AF1-C64C-40B1-AAAB-CBE22E51B43E}.Debug|Mixed Platforms.ActiveCfg = Debug|Any CPU
		{84512AF1-C64C-40B1-AAAB-CBE22E51B43E}.Debug|Mixed Platforms.Build.0 = Debug|Any CPU
		{84512AF1-C64C-40B1-AAAB-CBE22E51B43E}.Debug|x86.ActiveCfg = Debug|Any CPU
		{84512AF1-C64C-40B1-AAAB-CBE22E51B43E}.Debug|x86.Build.0 = Debug|Any CPU
		{84512AF1-C64C-40B1-AAAB-CBE22E51B43E}.Release|Any CPU.ActiveCfg = Release|Any CPU
		{84512AF1-C64C-40B1-AAAB-CBE22E51B43E}.Release|Any CPU.Build.0 = Release|Any CPU
		{84512AF1-C64C-40B1-AAAB-CBE22E51B43E}.Release|Mixed Platforms.ActiveCfg = Release|Any CPU
		{84512AF1-C64C-40B1-AAAB-CBE22E51B43E}.Release|Mixed Platforms.Build.0 = Release|Any CPU
		{84512AF1-C64C-40B1-AAAB-CBE22E51B43E}.Release|x86.ActiveCfg = Release|Any CPU
		{84512AF1-C64C-40B1-AAAB-CBE22E51B43E}.Release|x86.Build.0 = Release|Any CPU
		{1A39058D-8166-4EFE-9817-0C56F2CBCE39}.Debug|Any CPU.ActiveCfg = Debug|Any CPU
		{1A39058D-8166-4EFE-9817-0C56F2CBCE39}.Debug|Any CPU.Build.0 = Debug|Any CPU
		{1A39058D-8166-4EFE-9817-0C56F2CBCE39}.Debug|Mixed Platforms.ActiveCfg = Debug|Any CPU
		{1A39058D-8166-4EFE-9817-0C56F2CBCE39}.Debug|Mixed Platforms.Build.0 = Debug|Any CPU
		{1A39058D-8166-4EFE-9817-0C56F2CBCE39}.Debug|x86.ActiveCfg = Debug|Any CPU
		{1A39058D-8166-4EFE-9817-0C56F2CBCE39}.Release|Any CPU.ActiveCfg = Release|Any CPU
		{1A39058D-8166-4EFE-9817-0C56F2CBCE39}.Release|Any CPU.Build.0 = Release|Any CPU
		{1A39058D-8166-4EFE-9817-0C56F2CBCE39}.Release|Mixed Platforms.ActiveCfg = Release|Any CPU
		{1A39058D-8166-4EFE-9817-0C56F2CBCE39}.Release|Mixed Platforms.Build.0 = Release|Any CPU
		{1A39058D-8166-4EFE-9817-0C56F2CBCE39}.Release|x86.ActiveCfg = Release|Any CPU
	EndGlobalSection
	GlobalSection(SolutionProperties) = preSolution
		HideSolutionNode = FALSE
	EndGlobalSection
	GlobalSection(MonoDevelopProperties) = preSolution
		StartupItem = ucmdb.csproj
	EndGlobalSection
EndGlobal
